
Microsoft Visual Studio Solution File, Format Version 12.00
# Visual Studio Version 17
VisualStudioVersion = 17.1.32228.430
MinimumVisualStudioVersion = 10.0.40219.1
Project("{FAE04EC0-301F-11D3-BF4B-00C04F79EFBC}") = "Nome AS2122_4E_INF_RussoDaniele_GestioneArticoli", "Nome AS2122_4E_INF_RussoDaniele_GestioneArticoli\Nome AS2122_4E_INF_RussoDaniele_GestioneArticoli.csproj", "{B818C2DB-DEFC-4230-98BF-7496BA79A778}"
EndProject
Global
	GlobalSection(SolutionConfigurationPlatforms) = preSolution
		Debug|Any CPU = Debug|Any CPU
		Release|Any CPU = Release|Any CPU
	EndGlobalSection
	GlobalSection(ProjectConfigurationPlatforms) = postSolution
		{B818C2DB-DEFC-4230-98BF-7496BA79A778}.Debug|Any CPU.ActiveCfg = Debug|Any CPU
		{B818C2DB-DEFC-4230-98BF-7496BA79A778}.Debug|Any CPU.Build.0 = Debug|Any CPU
		{B818C2DB-DEFC-4230-98BF-7496BA79A778}.Release|Any CPU.ActiveCfg = Release|Any CPU
		{B818C2DB-DEFC-4230-98BF-7496BA79A778}.Release|Any CPU.Build.0 = Release|Any CPU
	EndGlobalSection
	GlobalSection(SolutionProperties) = preSolution
		HideSolutionNode = FALSE
	EndGlobalSection
	GlobalSection(ExtensibilityGlobals) = postSolution
		SolutionGuid = {CF5849A6-F7C6-4D6B-9D75-FA5E9B82E930}
	EndGlobalSection
EndGlobal
